
Microsoft Visual Studio Solution File, Format Version 12.00
# Visual Studio Version 16
VisualStudioVersion = 16.0.30717.126
MinimumVisualStudioVersion = 10.0.40219.1
Project("{FAE04EC0-301F-11D3-BF4B-00C04F79EFBC}") = "HesapRehberim", "HesapRehberim\HesapRehberim.csproj", "{0C735992-8282-4009-BEC1-B297A8999DF0}"
EndProject
Global
	GlobalSection(SolutionConfigurationPlatforms) = preSolution
		Debug|Any CPU = Debug|Any CPU
		Release|Any CPU = Release|Any CPU
	EndGlobalSection
	GlobalSection(ProjectConfigurationPlatforms) = postSolution
		{0C735992-8282-4009-BEC1-B297A8999DF0}.Debug|Any CPU.ActiveCfg = Debug|Any CPU
		{0C735992-8282-4009-BEC1-B297A8999DF0}.Debug|Any CPU.Build.0 = Debug|Any CPU
		{0C735992-8282-4009-BEC1-B297A8999DF0}.Release|Any CPU.ActiveCfg = Release|Any CPU
		{0C735992-8282-4009-BEC1-B297A8999DF0}.Release|Any CPU.Build.0 = Release|Any CPU
	EndGlobalSection
	GlobalSection(SolutionProperties) = preSolution
		HideSolutionNode = FALSE
	EndGlobalSection
	GlobalSection(ExtensibilityGlobals) = postSolution
		SolutionGuid = {7C793F18-F470-45A5-8F8A-D44729C8C6F8}
	EndGlobalSection
EndGlobal
